# This file is automatically @generated by Poetry 2.1.3 and should not be changed by hand.

[[package]]
name = "click"
version = "8.2.1"
description = "Composable command line interface toolkit"
optional = false
python-versions = ">=3.10"
groups = ["main"]
files = [
    {file = "click-8.2.1-py3-none-any.whl", hash = "sha256:61a3265b914e850b85317d0b3109c7f8cd35a670f963866005d6ef1d5175a12b"},
    {file = "click-8.2.1.tar.gz", hash = "sha256:27c491cc05d968d271d5a1db13e3b5a184636d9d930f148c50b038f0d0646202"},
]

[package.dependencies]
colorama = {version = "*", markers = "platform_system == \"Windows\""}

[[package]]
name = "colorama"
version = "0.4.6"
description = "Cross-platform colored terminal text."
optional = false
python-versions = "!=3.0.*,!=3.1.*,!=3.2.*,!=3.3.*,!=3.4.*,!=3.5.*,!=3.6.*,>=2.7"
groups = ["main"]
markers = "platform_system == \"Windows\""
files = [
    {file = "colorama-0.4.6-py2.py3-none-any.whl", hash = "sha256:4f1d9991f5acc0ca119f9d443620b77f9d6b33703e51011c16baf57afb285fc6"},
    {file = "colorama-0.4.6.tar.gz", hash = "sha256:08695f5cb7ed6e0531a20572697297273c47b8cae5a63ffc6d6ed5c201be6e44"},
]

[[package]]
name = "python-dotenv"
version = "1.1.1"
description = "Read key-value pairs from a .env file and set them as environment variables"
optional = false
python-versions = ">=3.9"
groups = ["main"]
files = [
    {file = "python_dotenv-1.1.1-py3-none-any.whl", hash = "sha256:31f23644fe2602f88ff55e1f5c79ba497e01224ee7737937930c448e4d0e24dc"},
    {file = "python_dotenv-1.1.1.tar.gz", hash = "sha256:a8a6399716257f45be6a007360200409fce5cda2661e3dec71d23dc15f6189ab"},
]

[package.extras]
cli = ["click (>=5.0)"]

[[package]]
name = "winloop"
version = "0.1.8"
description = "Windows version of uvloop"
optional = false
python-versions = ">=3.8.0"
groups = ["main"]
markers = "sys_platform == \"win32\""
files = [
    {file = "winloop-0.1.8-cp310-cp310-win_amd64.whl", hash = "sha256:5c871a0d3100ac80ca813294f6c601d4537c2215bf608f395171003cf2540b5f"},
    {file = "winloop-0.1.8-cp311-cp311-win_amd64.whl", hash = "sha256:d2bbcd6fc2e3eb6b0e15b9641fd1fb80a2e573c9601689ad108815ce1cdaf9bf"},
    {file = "winloop-0.1.8-cp312-cp312-win_amd64.whl", hash = "sha256:736a21489419369e2affdbc8f274bb0d56df318d58106fc8febf1002ffd450d7"},
    {file = "winloop-0.1.8-cp313-cp313-win_amd64.whl", hash = "sha256:0c1c2d2087cb2c1b7defefed44bd875c9b040d46a32caa27d1847e06cb4e5f50"},
    {file = "winloop-0.1.8-cp38-cp38-win_amd64.whl", hash = "sha256:8fb60cad2f25ada8e0c1a9d2eace2d9f54fa28b630102ae5ee3c467c14c90ac3"},
    {file = "winloop-0.1.8-cp39-cp39-win_amd64.whl", hash = "sha256:c3599890716d229b2b657cf0893bd1c9c14833704529c17d8764bc058f64e598"},
    {file = "winloop-0.1.8.tar.gz", hash = "sha256:bbb1b8e12bd9d231153e4a143440d862886a67675aa1a0701f98dff42c19d857"},
]

[package.extras]
dev = ["Cython (>=3.0,<4.0)", "setuptools (>=60)"]
docs = ["Sphinx (>=4.1.2,<4.2.0)", "sphinx_rtd_theme (>=0.5.2,<0.6.0)", "sphinxcontrib-asyncio (>=0.3.0,<0.4.0)"]
test = ["aiohttp (>=3.10.5)", "flake8 (>=5.0,<6.0)", "mypy (>=0.800)", "psutil", "pyOpenSSL (>=23.0.0,<23.1.0)", "pycodestyle (>=2.9.0,<2.10.0)"]

[metadata]
lock-version = "2.1"
python-versions = ">=3.10"
content-hash = "04f39e6d54e6c5154f12279e704cec9d0a12efb23a4e27bffc4bdad4372c00e3"
